PODS:
  - CocoaAsyncSocket (7.5.1):
    - CocoaAsyncSocket/GCD (= 7.5.1)
  - CocoaAsyncSocket/GCD (7.5.1)
  - CocoaMQTT (1.0.19):
    - CocoaAsyncSocket (~> 7.5.1)
    - SwiftyTimer (~> 2.0.0)
  - MQTTClient (0.10.0):
    - MQTTClient/Core (= 0.10.0)
  - MQTTClient/Core (0.10.0):
    - MQTTClient/Manager
    - MQTTClient/Min
  - MQTTClient/Manager (0.10.0):
    - MQTTClient/Min
  - MQTTClient/Min (0.10.0)
  - SwiftyTimer (2.0.0)

DEPENDENCIES:
  - CocoaMQTT
  - MQTTClient

SPEC CHECKSUMS:
  CocoaAsyncSocket: e0a7e93b2ffa411592ff87e58524fbbc9b95b4fa
  CocoaMQTT: 014fd1f0793d376b207073ebb5b92a0c8bf8eb2e
  MQTTClient: f90f4bf4437300b176405e41ad2a162ef28f618a
  SwiftyTimer: 2efd74b060d69ad4f1496baf5bbedbe132125fcf

PODFILE CHECKSUM: 8cc7d474ce22880e59cdfc72b3c52cee484b2bea

COCOAPODS: 1.3.1
